
Microsoft Visual Studio Solution File, Format Version 12.00
# Visual Studio Version 17
VisualStudioVersion = 17.11.35312.102
MinimumVisualStudioVersion = 10.0.40219.1
Project("{9A19103F-16F7-4668-BE54-9A1E7A4F7556}") = "GestaoContas.Api", "src\GestaoContas.API\GestaoContas.Api.csproj", "{065899F9-F8CC-4051-885E-1C7CDBFA6C64}"
EndProject
Project("{9A19103F-16F7-4668-BE54-9A1E7A4F7556}") = "GestaoContas.Shared", "src\GestaoContas.Shared\GestaoContas.Shared.csproj", "{3F1FF986-10B2-4723-B7E5-C0FD3934D1E0}"
EndProject
Global
	GlobalSection(SolutionConfigurationPlatforms) = preSolution
		Debug|Any CPU = Debug|Any CPU
		Release|Any CPU = Release|Any CPU
	EndGlobalSection
	GlobalSection(ProjectConfigurationPlatforms) = postSolution
		{065899F9-F8CC-4051-885E-1C7CDBFA6C64}.Debug|Any CPU.ActiveCfg = Debug|Any CPU
		{065899F9-F8CC-4051-885E-1C7CDBFA6C64}.Debug|Any CPU.Build.0 = Debug|Any CPU
		{065899F9-F8CC-4051-885E-1C7CDBFA6C64}.Release|Any CPU.ActiveCfg = Release|Any CPU
		{065899F9-F8CC-4051-885E-1C7CDBFA6C64}.Release|Any CPU.Build.0 = Release|Any CPU
		{3F1FF986-10B2-4723-B7E5-C0FD3934D1E0}.Debug|Any CPU.ActiveCfg = Debug|Any CPU
		{3F1FF986-10B2-4723-B7E5-C0FD3934D1E0}.Debug|Any CPU.Build.0 = Debug|Any CPU
		{3F1FF986-10B2-4723-B7E5-C0FD3934D1E0}.Release|Any CPU.ActiveCfg = Release|Any CPU
		{3F1FF986-10B2-4723-B7E5-C0FD3934D1E0}.Release|Any CPU.Build.0 = Release|Any CPU
	EndGlobalSection
	GlobalSection(SolutionProperties) = preSolution
		HideSolutionNode = FALSE
	EndGlobalSection
	GlobalSection(ExtensibilityGlobals) = postSolution
		SolutionGuid = {AE292B40-3359-441F-B1C1-7FB406245933}
	EndGlobalSection
EndGlobal
